
Microsoft Visual Studio Solution File, Format Version 12.00
# Visual Studio 15
VisualStudioVersion = 15.0.26730.12
MinimumVisualStudioVersion = 10.0.40219.1
Project("{9A19103F-16F7-4668-BE54-9A1E7A4F7556}") = "Infrastructure", "Infrastructure\Infrastructure.csproj", "{2E6B2542-F16F-40B8-93DC-2253EC90971A}"
EndProject
Project("{9A19103F-16F7-4668-BE54-9A1E7A4F7556}") = "CustomerManagementAPI", "CustomerManagementAPI\CustomerManagementAPI.csproj", "{498DCE4C-2F77-409F-AA93-FF52AFA807DA}"
EndProject
Project("{9A19103F-16F7-4668-BE54-9A1E7A4F7556}") = "TimeService", "TimeService\TimeService.csproj", "{A62C705E-3C13-4481-9EFD-BF910E5E733E}"
EndProject
Project("{E53339B2-1760-4266-BCC7-CA923CBCF16C}") = "docker-compose", "docker-compose.dcproj", "{A733A235-E4C4-4324-BA42-A95DEF402BB2}"
EndProject
Project("{9A19103F-16F7-4668-BE54-9A1E7A4F7556}") = "LogisticsManagementAPI", "LogisticsManagementAPI\LogisticsManagementAPI.csproj", "{07A59E4E-361B-497C-ADF7-9751168B8579}"
EndProject
Project("{9A19103F-16F7-4668-BE54-9A1E7A4F7556}") = "WarehouseManagementAPI", "WarehouseManagementAPI\WarehouseManagementAPI.csproj", "{A3B23896-106F-4D31-8C00-910DF5566A66}"
EndProject
Project("{9A19103F-16F7-4668-BE54-9A1E7A4F7556}") = "ProductManagementAPI", "ProductManagementAPI\ProductManagementAPI.csproj", "{0107C6E3-22E9-440D-945C-D03CF58E896D}"
EndProject
Project("{9A19103F-16F7-4668-BE54-9A1E7A4F7556}") = "OrderAPI", "OrderAPI\OrderAPI.csproj", "{3A4B4A43-F9CD-4575-9249-513F6384D800}"
EndProject
Project("{9A19103F-16F7-4668-BE54-9A1E7A4F7556}") = "PaymentAPI", "PaymentAPI\PaymentAPI.csproj", "{19113B7F-2604-447A-A259-D8335734435F}"
EndProject
Project("{9A19103F-16F7-4668-BE54-9A1E7A4F7556}") = "ShippingService", "ShippingService\ShippingService.csproj", "{6AD859EC-1908-4263-B3DE-125E2A5F62BB}"
EndProject
Global
	GlobalSection(SolutionConfigurationPlatforms) = preSolution
		Debug|Any CPU = Debug|Any CPU
		Debug|x64 = Debug|x64
		Debug|x86 = Debug|x86
		Release|Any CPU = Release|Any CPU
		Release|x64 = Release|x64
		Release|x86 = Release|x86
	EndGlobalSection
	GlobalSection(ProjectConfigurationPlatforms) = postSolution
		{2E6B2542-F16F-40B8-93DC-2253EC90971A}.Debug|Any CPU.ActiveCfg = Debug|Any CPU
		{2E6B2542-F16F-40B8-93DC-2253EC90971A}.Debug|Any CPU.Build.0 = Debug|Any CPU
		{2E6B2542-F16F-40B8-93DC-2253EC90971A}.Debug|x64.ActiveCfg = Debug|Any CPU
		{2E6B2542-F16F-40B8-93DC-2253EC90971A}.Debug|x64.Build.0 = Debug|Any CPU
		{2E6B2542-F16F-40B8-93DC-2253EC90971A}.Debug|x86.ActiveCfg = Debug|Any CPU
		{2E6B2542-F16F-40B8-93DC-2253EC90971A}.Debug|x86.Build.0 = Debug|Any CPU
		{2E6B2542-F16F-40B8-93DC-2253EC90971A}.Release|Any CPU.ActiveCfg = Release|Any CPU
		{2E6B2542-F16F-40B8-93DC-2253EC90971A}.Release|Any CPU.Build.0 = Release|Any CPU
		{2E6B2542-F16F-40B8-93DC-2253EC90971A}.Release|x64.ActiveCfg = Release|Any CPU
		{2E6B2542-F16F-40B8-93DC-2253EC90971A}.Release|x64.Build.0 = Release|Any CPU
		{2E6B2542-F16F-40B8-93DC-2253EC90971A}.Release|x86.ActiveCfg = Release|Any CPU
		{2E6B2542-F16F-40B8-93DC-2253EC90971A}.Release|x86.Build.0 = Release|Any CPU
		{498DCE4C-2F77-409F-AA93-FF52AFA807DA}.Debug|Any CPU.ActiveCfg = Debug|Any CPU
		{498DCE4C-2F77-409F-AA93-FF52AFA807DA}.Debug|Any CPU.Build.0 = Debug|Any CPU
		{498DCE4C-2F77-409F-AA93-FF52AFA807DA}.Debug|x64.ActiveCfg = Debug|Any CPU
		{498DCE4C-2F77-409F-AA93-FF52AFA807DA}.Debug|x64.Build.0 = Debug|Any CPU
		{498DCE4C-2F77-409F-AA93-FF52AFA807DA}.Debug|x86.ActiveCfg = Debug|Any CPU
		{498DCE4C-2F77-409F-AA93-FF52AFA807DA}.Debug|x86.Build.0 = Debug|Any CPU
		{498DCE4C-2F77-409F-AA93-FF52AFA807DA}.Release|Any CPU.ActiveCfg = Release|Any CPU
		{498DCE4C-2F77-409F-AA93-FF52AFA807DA}.Release|Any CPU.Build.0 = Release|Any CPU
		{498DCE4C-2F77-409F-AA93-FF52AFA807DA}.Release|x64.ActiveCfg = Release|Any CPU
		{498DCE4C-2F77-409F-AA93-FF52AFA807DA}.Release|x64.Build.0 = Release|Any CPU
		{498DCE4C-2F77-409F-AA93-FF52AFA807DA}.Release|x86.ActiveCfg = Release|Any CPU
		{498DCE4C-2F77-409F-AA93-FF52AFA807DA}.Release|x86.Build.0 = Release|Any CPU
		{A62C705E-3C13-4481-9EFD-BF910E5E733E}.Debug|Any CPU.ActiveCfg = Debug|Any CPU
		{A62C705E-3C13-4481-9EFD-BF910E5E733E}.Debug|Any CPU.Build.0 = Debug|Any CPU
		{A62C705E-3C13-4481-9EFD-BF910E5E733E}.Debug|x64.ActiveCfg = Debug|Any CPU
		{A62C705E-3C13-4481-9EFD-BF910E5E733E}.Debug|x64.Build.0 = Debug|Any CPU
		{A62C705E-3C13-4481-9EFD-BF910E5E733E}.Debug|x86.ActiveCfg = Debug|Any CPU
		{A62C705E-3C13-4481-9EFD-BF910E5E733E}.Debug|x86.Build.0 = Debug|Any CPU
		{A62C705E-3C13-4481-9EFD-BF910E5E733E}.Release|Any CPU.ActiveCfg = Release|Any CPU
		{A62C705E-3C13-4481-9EFD-BF910E5E733E}.Release|Any CPU.Build.0 = Release|Any CPU
		{A62C705E-3C13-4481-9EFD-BF910E5E733E}.Release|x64.ActiveCfg = Release|Any CPU
		{A62C705E-3C13-4481-9EFD-BF910E5E733E}.Release|x64.Build.0 = Release|Any CPU
		{A62C705E-3C13-4481-9EFD-BF910E5E733E}.Release|x86.ActiveCfg = Release|Any CPU
		{A62C705E-3C13-4481-9EFD-BF910E5E733E}.Release|x86.Build.0 = Release|Any CPU
		{A733A235-E4C4-4324-BA42-A95DEF402BB2}.Debug|Any CPU.ActiveCfg = Debug|Any CPU
		{A733A235-E4C4-4324-BA42-A95DEF402BB2}.Debug|Any CPU.Build.0 = Debug|Any CPU
		{A733A235-E4C4-4324-BA42-A95DEF402BB2}.Debug|x64.ActiveCfg = Debug|Any CPU
		{A733A235-E4C4-4324-BA42-A95DEF402BB2}.Debug|x64.Build.0 = Debug|Any CPU
		{A733A235-E4C4-4324-BA42-A95DEF402BB2}.Debug|x86.ActiveCfg = Debug|Any CPU
		{A733A235-E4C4-4324-BA42-A95DEF402BB2}.Debug|x86.Build.0 = Debug|Any CPU
		{A733A235-E4C4-4324-BA42-A95DEF402BB2}.Release|Any CPU.ActiveCfg = Release|Any CPU
		{A733A235-E4C4-4324-BA42-A95DEF402BB2}.Release|Any CPU.Build.0 = Release|Any CPU
		{A733A235-E4C4-4324-BA42-A95DEF402BB2}.Release|x64.ActiveCfg = Release|Any CPU
		{A733A235-E4C4-4324-BA42-A95DEF402BB2}.Release|x64.Build.0 = Release|Any CPU
		{A733A235-E4C4-4324-BA42-A95DEF402BB2}.Release|x86.ActiveCfg = Release|Any CPU
		{A733A235-E4C4-4324-BA42-A95DEF402BB2}.Release|x86.Build.0 = Release|Any CPU
		{07A59E4E-361B-497C-ADF7-9751168B8579}.Debug|Any CPU.ActiveCfg = Debug|Any CPU
		{07A59E4E-361B-497C-ADF7-9751168B8579}.Debug|Any CPU.Build.0 = Debug|Any CPU
		{07A59E4E-361B-497C-ADF7-9751168B8579}.Debug|x64.ActiveCfg = Debug|Any CPU
		{07A59E4E-361B-497C-ADF7-9751168B8579}.Debug|x64.Build.0 = Debug|Any CPU
		{07A59E4E-361B-497C-ADF7-9751168B8579}.Debug|x86.ActiveCfg = Debug|Any CPU
		{07A59E4E-361B-497C-ADF7-9751168B8579}.Debug|x86.Build.0 = Debug|Any CPU
		{07A59E4E-361B-497C-ADF7-9751168B8579}.Release|Any CPU.ActiveCfg = Release|Any CPU
		{07A59E4E-361B-497C-ADF7-9751168B8579}.Release|Any CPU.Build.0 = Release|Any CPU
		{07A59E4E-361B-497C-ADF7-9751168B8579}.Release|x64.ActiveCfg = Release|Any CPU
		{07A59E4E-361B-497C-ADF7-9751168B8579}.Release|x64.Build.0 = Release|Any CPU
		{07A59E4E-361B-497C-ADF7-9751168B8579}.Release|x86.ActiveCfg = Release|Any CPU
		{07A59E4E-361B-497C-ADF7-9751168B8579}.Release|x86.Build.0 = Release|Any CPU
		{A3B23896-106F-4D31-8C00-910DF5566A66}.Debug|Any CPU.ActiveCfg = Debug|Any CPU
		{A3B23896-106F-4D31-8C00-910DF5566A66}.Debug|Any CPU.Build.0 = Debug|Any CPU
		{A3B23896-106F-4D31-8C00-910DF5566A66}.Debug|x64.ActiveCfg = Debug|Any CPU
		{A3B23896-106F-4D31-8C00-910DF5566A66}.Debug|x64.Build.0 = Debug|Any CPU
		{A3B23896-106F-4D31-8C00-910DF5566A66}.Debug|x86.ActiveCfg = Debug|Any CPU
		{A3B23896-106F-4D31-8C00-910DF5566A66}.Debug|x86.Build.0 = Debug|Any CPU
		{A3B23896-106F-4D31-8C00-910DF5566A66}.Release|Any CPU.ActiveCfg = Release|Any CPU
		{A3B23896-106F-4D31-8C00-910DF5566A66}.Release|Any CPU.Build.0 = Release|Any CPU
		{A3B23896-106F-4D31-8C00-910DF5566A66}.Release|x64.ActiveCfg = Release|Any CPU
		{A3B23896-106F-4D31-8C00-910DF5566A66}.Release|x64.Build.0 = Release|Any CPU
		{A3B23896-106F-4D31-8C00-910DF5566A66}.Release|x86.ActiveCfg = Release|Any CPU
		{A3B23896-106F-4D31-8C00-910DF5566A66}.Release|x86.Build.0 = Release|Any CPU
		{0107C6E3-22E9-440D-945C-D03CF58E896D}.Debug|Any CPU.ActiveCfg = Debug|Any CPU
		{0107C6E3-22E9-440D-945C-D03CF58E896D}.Debug|Any CPU.Build.0 = Debug|Any CPU
		{0107C6E3-22E9-440D-945C-D03CF58E896D}.Debug|x64.ActiveCfg = Debug|Any CPU
		{0107C6E3-22E9-440D-945C-D03CF58E896D}.Debug|x64.Build.0 = Debug|Any CPU
		{0107C6E3-22E9-440D-945C-D03CF58E896D}.Debug|x86.ActiveCfg = Debug|Any CPU
		{0107C6E3-22E9-440D-945C-D03CF58E896D}.Debug|x86.Build.0 = Debug|Any CPU
		{0107C6E3-22E9-440D-945C-D03CF58E896D}.Release|Any CPU.ActiveCfg = Release|Any CPU
		{0107C6E3-22E9-440D-945C-D03CF58E896D}.Release|Any CPU.Build.0 = Release|Any CPU
		{0107C6E3-22E9-440D-945C-D03CF58E896D}.Release|x64.ActiveCfg = Release|Any CPU
		{0107C6E3-22E9-440D-945C-D03CF58E896D}.Release|x64.Build.0 = Release|Any CPU
		{0107C6E3-22E9-440D-945C-D03CF58E896D}.Release|x86.ActiveCfg = Release|Any CPU
		{0107C6E3-22E9-440D-945C-D03CF58E896D}.Release|x86.Build.0 = Release|Any CPU
		{3A4B4A43-F9CD-4575-9249-513F6384D800}.Debug|Any CPU.ActiveCfg = Debug|Any CPU
		{3A4B4A43-F9CD-4575-9249-513F6384D800}.Debug|Any CPU.Build.0 = Debug|Any CPU
		{3A4B4A43-F9CD-4575-9249-513F6384D800}.Debug|x64.ActiveCfg = Debug|Any CPU
		{3A4B4A43-F9CD-4575-9249-513F6384D800}.Debug|x64.Build.0 = Debug|Any CPU
		{3A4B4A43-F9CD-4575-9249-513F6384D800}.Debug|x86.ActiveCfg = Debug|Any CPU
		{3A4B4A43-F9CD-4575-9249-513F6384D800}.Debug|x86.Build.0 = Debug|Any CPU
		{3A4B4A43-F9CD-4575-9249-513F6384D800}.Release|Any CPU.ActiveCfg = Release|Any CPU
		{3A4B4A43-F9CD-4575-9249-513F6384D800}.Release|Any CPU.Build.0 = Release|Any CPU
		{3A4B4A43-F9CD-4575-9249-513F6384D800}.Release|x64.ActiveCfg = Release|Any CPU
		{3A4B4A43-F9CD-4575-9249-513F6384D800}.Release|x64.Build.0 = Release|Any CPU
		{3A4B4A43-F9CD-4575-9249-513F6384D800}.Release|x86.ActiveCfg = Release|Any CPU
		{3A4B4A43-F9CD-4575-9249-513F6384D800}.Release|x86.Build.0 = Release|Any CPU
		{19113B7F-2604-447A-A259-D8335734435F}.Debug|Any CPU.ActiveCfg = Debug|Any CPU
		{19113B7F-2604-447A-A259-D8335734435F}.Debug|Any CPU.Build.0 = Debug|Any CPU
		{19113B7F-2604-447A-A259-D8335734435F}.Debug|x64.ActiveCfg = Debug|Any CPU
		{19113B7F-2604-447A-A259-D8335734435F}.Debug|x64.Build.0 = Debug|Any CPU
		{19113B7F-2604-447A-A259-D8335734435F}.Debug|x86.ActiveCfg = Debug|Any CPU
		{19113B7F-2604-447A-A259-D8335734435F}.Debug|x86.Build.0 = Debug|Any CPU
		{19113B7F-2604-447A-A259-D8335734435F}.Release|Any CPU.ActiveCfg = Release|Any CPU
		{19113B7F-2604-447A-A259-D8335734435F}.Release|Any CPU.Build.0 = Release|Any CPU
		{19113B7F-2604-447A-A259-D8335734435F}.Release|x64.ActiveCfg = Release|Any CPU
		{19113B7F-2604-447A-A259-D8335734435F}.Release|x64.Build.0 = Release|Any CPU
		{19113B7F-2604-447A-A259-D8335734435F}.Release|x86.ActiveCfg = Release|Any CPU
		{19113B7F-2604-447A-A259-D8335734435F}.Release|x86.Build.0 = Release|Any CPU
		{6AD859EC-1908-4263-B3DE-125E2A5F62BB}.Debug|Any CPU.ActiveCfg = Debug|Any CPU
		{6AD859EC-1908-4263-B3DE-125E2A5F62BB}.Debug|Any CPU.Build.0 = Debug|Any CPU
		{6AD859EC-1908-4263-B3DE-125E2A5F62BB}.Debug|x64.ActiveCfg = Debug|Any CPU
		{6AD859EC-1908-4263-B3DE-125E2A5F62BB}.Debug|x64.Build.0 = Debug|Any CPU
		{6AD859EC-1908-4263-B3DE-125E2A5F62BB}.Debug|x86.ActiveCfg = Debug|Any CPU
		{6AD859EC-1908-4263-B3DE-125E2A5F62BB}.Debug|x86.Build.0 = Debug|Any CPU
		{6AD859EC-1908-4263-B3DE-125E2A5F62BB}.Release|Any CPU.ActiveCfg = Release|Any CPU
		{6AD859EC-1908-4263-B3DE-125E2A5F62BB}.Release|Any CPU.Build.0 = Release|Any CPU
		{6AD859EC-1908-4263-B3DE-125E2A5F62BB}.Release|x64.ActiveCfg = Release|Any CPU
		{6AD859EC-1908-4263-B3DE-125E2A5F62BB}.Release|x64.Build.0 = Release|Any CPU
		{6AD859EC-1908-4263-B3DE-125E2A5F62BB}.Release|x86.ActiveCfg = Release|Any CPU
		{6AD859EC-1908-4263-B3DE-125E2A5F62BB}.Release|x86.Build.0 = Release|Any CPU
	EndGlobalSection
	GlobalSection(SolutionProperties) = preSolution
		HideSolutionNode = FALSE
	EndGlobalSection
	GlobalSection(ExtensibilityGlobals) = postSolution
		SolutionGuid = {166FE303-DAE1-41D2-9440-FAD37BCD5A41}
	EndGlobalSection
EndGlobal
